
Microsoft Visual Studio Solution File, Format Version 12.00
# Visual Studio 2012
VisualStudioVersion = 12.0.31101.0
MinimumVisualStudioVersion = 10.0.40219.1
Project("{FAE04EC0-301F-11D3-BF4B-00C04F79EFBC}") = "R2B0app", "R2B0app\R2B0app\R2B0app.csproj", "{6AD2BB1C-BB7E-4078-8BD2-B2AB2CD22A59}"
EndProject
Project("{FAE04EC0-301F-11D3-BF4B-00C04F79EFBC}") = "R2B0app.iOS", "R2B0app\R2B0app.iOS\R2B0app.iOS.csproj", "{A7A490A3-A380-4A86-B3DA-8918598EBA54}"
EndProject
Project("{FAE04EC0-301F-11D3-BF4B-00C04F79EFBC}") = "R2B0app.Droid", "R2B0app\R2B0app.Droid\R2B0app.Droid.csproj", "{17601F57-3D6E-43BF-BAE7-9DEDA03C2392}"
EndProject
Project("{FAE04EC0-301F-11D3-BF4B-00C04F79EFBC}") = "R2B0app.WinPhone", "R2B0app\R2B0app.WinPhone\R2B0app.WinPhone.csproj", "{9EA2A565-C003-4674-AE85-BA292C53DC5B}"
EndProject
Project("{FAE04EC0-301F-11D3-BF4B-00C04F79EFBC}") = "R2B0app.WinPhone81", "R2B0app.WinPhone81\R2B0app.WinPhone81.csproj", "{21728DBD-8AE4-496F-A4B1-47B2E61C4382}"
EndProject
Project("{FAE04EC0-301F-11D3-BF4B-00C04F79EFBC}") = "R2B0app.WinUniversal", "R2B0app.WinUniversal\R2B0app.WinUniversal.csproj", "{D52C597E-686E-4196-A8CF-025AEEDDD969}"
EndProject
Project("{FAE04EC0-301F-11D3-BF4B-00C04F79EFBC}") = "R2B0app.iOSn", "R2B0app.iOSn\R2B0app.iOSn.csproj", "{6149B62E-1731-4F56-A61C-BA73D632E95C}"
EndProject
Global
	GlobalSection(SolutionConfigurationPlatforms) = preSolution
		Ad-Hoc|Any CPU = Ad-Hoc|Any CPU
		Ad-Hoc|ARM = Ad-Hoc|ARM
		Ad-Hoc|iPhone = Ad-Hoc|iPhone
		Ad-Hoc|iPhoneSimulator = Ad-Hoc|iPhoneSimulator
		Ad-Hoc|Mixed Platforms = Ad-Hoc|Mixed Platforms
		Ad-Hoc|x64 = Ad-Hoc|x64
		Ad-Hoc|x86 = Ad-Hoc|x86
		AppStore|Any CPU = AppStore|Any CPU
		AppStore|ARM = AppStore|ARM
		AppStore|iPhone = AppStore|iPhone
		AppStore|iPhoneSimulator = AppStore|iPhoneSimulator
		AppStore|Mixed Platforms = AppStore|Mixed Platforms
		AppStore|x64 = AppStore|x64
		AppStore|x86 = AppStore|x86
		Debug|Any CPU = Debug|Any CPU
		Debug|ARM = Debug|ARM
		Debug|iPhone = Debug|iPhone
		Debug|iPhoneSimulator = Debug|iPhoneSimulator
		Debug|Mixed Platforms = Debug|Mixed Platforms
		Debug|x64 = Debug|x64
		Debug|x86 = Debug|x86
		Release|Any CPU = Release|Any CPU
		Release|ARM = Release|ARM
		Release|iPhone = Release|iPhone
		Release|iPhoneSimulator = Release|iPhoneSimulator
		Release|Mixed Platforms = Release|Mixed Platforms
		Release|x64 = Release|x64
		Release|x86 = Release|x86
	EndGlobalSection
	GlobalSection(ProjectConfigurationPlatforms) = postSolution
		{17601F57-3D6E-43BF-BAE7-9DEDA03C2392}.Ad-Hoc|Any CPU.ActiveCfg = Release|Any CPU
		{17601F57-3D6E-43BF-BAE7-9DEDA03C2392}.Ad-Hoc|Any CPU.Build.0 = Release|Any CPU
		{17601F57-3D6E-43BF-BAE7-9DEDA03C2392}.Ad-Hoc|Any CPU.Deploy.0 = Release|Any CPU
		{17601F57-3D6E-43BF-BAE7-9DEDA03C2392}.Ad-Hoc|ARM.ActiveCfg = Release|Any CPU
		{17601F57-3D6E-43BF-BAE7-9DEDA03C2392}.Ad-Hoc|iPhone.ActiveCfg = Release|Any CPU
		{17601F57-3D6E-43BF-BAE7-9DEDA03C2392}.Ad-Hoc|iPhoneSimulator.ActiveCfg = Release|Any CPU
		{17601F57-3D6E-43BF-BAE7-9DEDA03C2392}.Ad-Hoc|Mixed Platforms.ActiveCfg = Release|Any CPU
		{17601F57-3D6E-43BF-BAE7-9DEDA03C2392}.Ad-Hoc|Mixed Platforms.Build.0 = Release|Any CPU
		{17601F57-3D6E-43BF-BAE7-9DEDA03C2392}.Ad-Hoc|Mixed Platforms.Deploy.0 = Release|Any CPU
		{17601F57-3D6E-43BF-BAE7-9DEDA03C2392}.Ad-Hoc|x64.ActiveCfg = Debug|Any CPU
		{17601F57-3D6E-43BF-BAE7-9DEDA03C2392}.Ad-Hoc|x86.ActiveCfg = Release|Any CPU
		{17601F57-3D6E-43BF-BAE7-9DEDA03C2392}.AppStore|Any CPU.ActiveCfg = Release|Any CPU
		{17601F57-3D6E-43BF-BAE7-9DEDA03C2392}.AppStore|Any CPU.Build.0 = Release|Any CPU
		{17601F57-3D6E-43BF-BAE7-9DEDA03C2392}.AppStore|Any CPU.Deploy.0 = Release|Any CPU
		{17601F57-3D6E-43BF-BAE7-9DEDA03C2392}.AppStore|ARM.ActiveCfg = Release|Any CPU
		{17601F57-3D6E-43BF-BAE7-9DEDA03C2392}.AppStore|iPhone.ActiveCfg = Release|Any CPU
		{17601F57-3D6E-43BF-BAE7-9DEDA03C2392}.AppStore|iPhoneSimulator.ActiveCfg = Release|Any CPU
		{17601F57-3D6E-43BF-BAE7-9DEDA03C2392}.AppStore|Mixed Platforms.ActiveCfg = Release|Any CPU
		{17601F57-3D6E-43BF-BAE7-9DEDA03C2392}.AppStore|Mixed Platforms.Build.0 = Release|Any CPU
		{17601F57-3D6E-43BF-BAE7-9DEDA03C2392}.AppStore|Mixed Platforms.Deploy.0 = Release|Any CPU
		{17601F57-3D6E-43BF-BAE7-9DEDA03C2392}.AppStore|x64.ActiveCfg = Debug|Any CPU
		{17601F57-3D6E-43BF-BAE7-9DEDA03C2392}.AppStore|x86.ActiveCfg = Release|Any CPU
		{17601F57-3D6E-43BF-BAE7-9DEDA03C2392}.Debug|Any CPU.ActiveCfg = Debug|Any CPU
		{17601F57-3D6E-43BF-BAE7-9DEDA03C2392}.Debug|Any CPU.Build.0 = Debug|Any CPU
		{17601F57-3D6E-43BF-BAE7-9DEDA03C2392}.Debug|Any CPU.Deploy.0 = Debug|Any CPU
		{17601F57-3D6E-43BF-BAE7-9DEDA03C2392}.Debug|ARM.ActiveCfg = Debug|Any CPU
		{17601F57-3D6E-43BF-BAE7-9DEDA03C2392}.Debug|iPhone.ActiveCfg = Debug|Any CPU
		{17601F57-3D6E-43BF-BAE7-9DEDA03C2392}.Debug|iPhoneSimulator.ActiveCfg = Debug|Any CPU
		{17601F57-3D6E-43BF-BAE7-9DEDA03C2392}.Debug|Mixed Platforms.ActiveCfg = Debug|Any CPU
		{17601F57-3D6E-43BF-BAE7-9DEDA03C2392}.Debug|Mixed Platforms.Build.0 = Debug|Any CPU
		{17601F57-3D6E-43BF-BAE7-9DEDA03C2392}.Debug|Mixed Platforms.Deploy.0 = Debug|Any CPU
		{17601F57-3D6E-43BF-BAE7-9DEDA03C2392}.Debug|x64.ActiveCfg = Debug|Any CPU
		{17601F57-3D6E-43BF-BAE7-9DEDA03C2392}.Debug|x86.ActiveCfg = Debug|Any CPU
		{17601F57-3D6E-43BF-BAE7-9DEDA03C2392}.Release|Any CPU.ActiveCfg = Release|Any CPU
		{17601F57-3D6E-43BF-BAE7-9DEDA03C2392}.Release|Any CPU.Build.0 = Release|Any CPU
		{17601F57-3D6E-43BF-BAE7-9DEDA03C2392}.Release|Any CPU.Deploy.0 = Release|Any CPU
		{17601F57-3D6E-43BF-BAE7-9DEDA03C2392}.Release|ARM.ActiveCfg = Release|Any CPU
		{17601F57-3D6E-43BF-BAE7-9DEDA03C2392}.Release|iPhone.ActiveCfg = Release|Any CPU
		{17601F57-3D6E-43BF-BAE7-9DEDA03C2392}.Release|iPhoneSimulator.ActiveCfg = Release|Any CPU
		{17601F57-3D6E-43BF-BAE7-9DEDA03C2392}.Release|Mixed Platforms.ActiveCfg = Release|Any CPU
		{17601F57-3D6E-43BF-BAE7-9DEDA03C2392}.Release|Mixed Platforms.Build.0 = Release|Any CPU
		{17601F57-3D6E-43BF-BAE7-9DEDA03C2392}.Release|Mixed Platforms.Deploy.0 = Release|Any CPU
		{17601F57-3D6E-43BF-BAE7-9DEDA03C2392}.Release|x64.ActiveCfg = Release|Any CPU
		{17601F57-3D6E-43BF-BAE7-9DEDA03C2392}.Release|x86.ActiveCfg = Release|Any CPU
		{21728DBD-8AE4-496F-A4B1-47B2E61C4382}.Ad-Hoc|Any CPU.ActiveCfg = Release|Any CPU
		{21728DBD-8AE4-496F-A4B1-47B2E61C4382}.Ad-Hoc|Any CPU.Build.0 = Release|Any CPU
		{21728DBD-8AE4-496F-A4B1-47B2E61C4382}.Ad-Hoc|Any CPU.Deploy.0 = Release|Any CPU
		{21728DBD-8AE4-496F-A4B1-47B2E61C4382}.Ad-Hoc|ARM.ActiveCfg = Release|ARM
		{21728DBD-8AE4-496F-A4B1-47B2E61C4382}.Ad-Hoc|ARM.Build.0 = Release|ARM
		{21728DBD-8AE4-496F-A4B1-47B2E61C4382}.Ad-Hoc|ARM.Deploy.0 = Release|ARM
		{21728DBD-8AE4-496F-A4B1-47B2E61C4382}.Ad-Hoc|iPhone.ActiveCfg = Release|Any CPU
		{21728DBD-8AE4-496F-A4B1-47B2E61C4382}.Ad-Hoc|iPhoneSimulator.ActiveCfg = Release|Any CPU
		{21728DBD-8AE4-496F-A4B1-47B2E61C4382}.Ad-Hoc|Mixed Platforms.ActiveCfg = Release|x86
		{21728DBD-8AE4-496F-A4B1-47B2E61C4382}.Ad-Hoc|Mixed Platforms.Build.0 = Release|x86
		{21728DBD-8AE4-496F-A4B1-47B2E61C4382}.Ad-Hoc|Mixed Platforms.Deploy.0 = Release|x86
		{21728DBD-8AE4-496F-A4B1-47B2E61C4382}.Ad-Hoc|x64.ActiveCfg = Release|Any CPU
		{21728DBD-8AE4-496F-A4B1-47B2E61C4382}.Ad-Hoc|x86.ActiveCfg = Release|x86
		{21728DBD-8AE4-496F-A4B1-47B2E61C4382}.Ad-Hoc|x86.Build.0 = Release|x86
		{21728DBD-8AE4-496F-A4B1-47B2E61C4382}.Ad-Hoc|x86.Deploy.0 = Release|x86
		{21728DBD-8AE4-496F-A4B1-47B2E61C4382}.AppStore|Any CPU.ActiveCfg = Release|Any CPU
		{21728DBD-8AE4-496F-A4B1-47B2E61C4382}.AppStore|Any CPU.Build.0 = Release|Any CPU
		{21728DBD-8AE4-496F-A4B1-47B2E61C4382}.AppStore|Any CPU.Deploy.0 = Release|Any CPU
		{21728DBD-8AE4-496F-A4B1-47B2E61C4382}.AppStore|ARM.ActiveCfg = Release|ARM
		{21728DBD-8AE4-496F-A4B1-47B2E61C4382}.AppStore|ARM.Build.0 = Release|ARM
		{21728DBD-8AE4-496F-A4B1-47B2E61C4382}.AppStore|ARM.Deploy.0 = Release|ARM
		{21728DBD-8AE4-496F-A4B1-47B2E61C4382}.AppStore|iPhone.ActiveCfg = Release|Any CPU
		{21728DBD-8AE4-496F-A4B1-47B2E61C4382}.AppStore|iPhoneSimulator.ActiveCfg = Release|Any CPU
		{21728DBD-8AE4-496F-A4B1-47B2E61C4382}.AppStore|Mixed Platforms.ActiveCfg = Release|x86
		{21728DBD-8AE4-496F-A4B1-47B2E61C4382}.AppStore|Mixed Platforms.Build.0 = Release|x86
		{21728DBD-8AE4-496F-A4B1-47B2E61C4382}.AppStore|Mixed Platforms.Deploy.0 = Release|x86
		{21728DBD-8AE4-496F-A4B1-47B2E61C4382}.AppStore|x64.ActiveCfg = Release|Any CPU
		{21728DBD-8AE4-496F-A4B1-47B2E61C4382}.AppStore|x86.ActiveCfg = Release|x86
		{21728DBD-8AE4-496F-A4B1-47B2E61C4382}.AppStore|x86.Build.0 = Release|x86
		{21728DBD-8AE4-496F-A4B1-47B2E61C4382}.AppStore|x86.Deploy.0 = Release|x86
		{21728DBD-8AE4-496F-A4B1-47B2E61C4382}.Debug|Any CPU.ActiveCfg = Debug|Any CPU
		{21728DBD-8AE4-496F-A4B1-47B2E61C4382}.Debug|Any CPU.Build.0 = Debug|Any CPU
		{21728DBD-8AE4-496F-A4B1-47B2E61C4382}.Debug|Any CPU.Deploy.0 = Debug|Any CPU
		{21728DBD-8AE4-496F-A4B1-47B2E61C4382}.Debug|ARM.ActiveCfg = Debug|ARM
		{21728DBD-8AE4-496F-A4B1-47B2E61C4382}.Debug|ARM.Build.0 = Debug|ARM
		{21728DBD-8AE4-496F-A4B1-47B2E61C4382}.Debug|ARM.Deploy.0 = Debug|ARM
		{21728DBD-8AE4-496F-A4B1-47B2E61C4382}.Debug|iPhone.ActiveCfg = Debug|Any CPU
		{21728DBD-8AE4-496F-A4B1-47B2E61C4382}.Debug|iPhoneSimulator.ActiveCfg = Debug|Any CPU
		{21728DBD-8AE4-496F-A4B1-47B2E61C4382}.Debug|Mixed Platforms.ActiveCfg = Debug|x86
		{21728DBD-8AE4-496F-A4B1-47B2E61C4382}.Debug|Mixed Platforms.Build.0 = Debug|x86
		{21728DBD-8AE4-496F-A4B1-47B2E61C4382}.Debug|Mixed Platforms.Deploy.0 = Debug|x86
		{21728DBD-8AE4-496F-A4B1-47B2E61C4382}.Debug|x64.ActiveCfg = Debug|Any CPU
		{21728DBD-8AE4-496F-A4B1-47B2E61C4382}.Debug|x86.ActiveCfg = Debug|x86
		{21728DBD-8AE4-496F-A4B1-47B2E61C4382}.Debug|x86.Build.0 = Debug|x86
		{21728DBD-8AE4-496F-A4B1-47B2E61C4382}.Debug|x86.Deploy.0 = Debug|x86
		{21728DBD-8AE4-496F-A4B1-47B2E61C4382}.Release|Any CPU.ActiveCfg = Release|Any CPU
		{21728DBD-8AE4-496F-A4B1-47B2E61C4382}.Release|Any CPU.Build.0 = Release|Any CPU
		{21728DBD-8AE4-496F-A4B1-47B2E61C4382}.Release|Any CPU.Deploy.0 = Release|Any CPU
		{21728DBD-8AE4-496F-A4B1-47B2E61C4382}.Release|ARM.ActiveCfg = Release|ARM
		{21728DBD-8AE4-496F-A4B1-47B2E61C4382}.Release|ARM.Build.0 = Release|ARM
		{21728DBD-8AE4-496F-A4B1-47B2E61C4382}.Release|ARM.Deploy.0 = Release|ARM
		{21728DBD-8AE4-496F-A4B1-47B2E61C4382}.Release|iPhone.ActiveCfg = Release|Any CPU
		{21728DBD-8AE4-496F-A4B1-47B2E61C4382}.Release|iPhoneSimulator.ActiveCfg = Release|Any CPU
		{21728DBD-8AE4-496F-A4B1-47B2E61C4382}.Release|Mixed Platforms.ActiveCfg = Release|x86
		{21728DBD-8AE4-496F-A4B1-47B2E61C4382}.Release|Mixed Platforms.Build.0 = Release|x86
		{21728DBD-8AE4-496F-A4B1-47B2E61C4382}.Release|Mixed Platforms.Deploy.0 = Release|x86
		{21728DBD-8AE4-496F-A4B1-47B2E61C4382}.Release|x64.ActiveCfg = Release|Any CPU
		{21728DBD-8AE4-496F-A4B1-47B2E61C4382}.Release|x86.ActiveCfg = Release|x86
		{21728DBD-8AE4-496F-A4B1-47B2E61C4382}.Release|x86.Build.0 = Release|x86
		{21728DBD-8AE4-496F-A4B1-47B2E61C4382}.Release|x86.Deploy.0 = Release|x86
		{6149B62E-1731-4F56-A61C-BA73D632E95C}.Ad-Hoc|Any CPU.ActiveCfg = Ad-Hoc|iPhone
		{6149B62E-1731-4F56-A61C-BA73D632E95C}.Ad-Hoc|Any CPU.Build.0 = Ad-Hoc|iPhone
		{6149B62E-1731-4F56-A61C-BA73D632E95C}.Ad-Hoc|ARM.ActiveCfg = Ad-Hoc|iPhone
		{6149B62E-1731-4F56-A61C-BA73D632E95C}.Ad-Hoc|ARM.Build.0 = Ad-Hoc|iPhone
		{6149B62E-1731-4F56-A61C-BA73D632E95C}.Ad-Hoc|iPhone.ActiveCfg = Ad-Hoc|iPhone
		{6149B62E-1731-4F56-A61C-BA73D632E95C}.Ad-Hoc|iPhone.Build.0 = Ad-Hoc|iPhone
		{6149B62E-1731-4F56-A61C-BA73D632E95C}.Ad-Hoc|iPhoneSimulator.ActiveCfg = Ad-Hoc|iPhone
		{6149B62E-1731-4F56-A61C-BA73D632E95C}.Ad-Hoc|iPhoneSimulator.Build.0 = Ad-Hoc|iPhone
		{6149B62E-1731-4F56-A61C-BA73D632E95C}.Ad-Hoc|Mixed Platforms.ActiveCfg = Ad-Hoc|iPhone
		{6149B62E-1731-4F56-A61C-BA73D632E95C}.Ad-Hoc|Mixed Platforms.Build.0 = Ad-Hoc|iPhone
		{6149B62E-1731-4F56-A61C-BA73D632E95C}.Ad-Hoc|x64.ActiveCfg = Ad-Hoc|iPhone
		{6149B62E-1731-4F56-A61C-BA73D632E95C}.Ad-Hoc|x64.Build.0 = Ad-Hoc|iPhone
		{6149B62E-1731-4F56-A61C-BA73D632E95C}.Ad-Hoc|x86.ActiveCfg = Ad-Hoc|iPhone
		{6149B62E-1731-4F56-A61C-BA73D632E95C}.Ad-Hoc|x86.Build.0 = Ad-Hoc|iPhone
		{6149B62E-1731-4F56-A61C-BA73D632E95C}.AppStore|Any CPU.ActiveCfg = AppStore|iPhone
		{6149B62E-1731-4F56-A61C-BA73D632E95C}.AppStore|Any CPU.Build.0 = AppStore|iPhone
		{6149B62E-1731-4F56-A61C-BA73D632E95C}.AppStore|ARM.ActiveCfg = AppStore|iPhone
		{6149B62E-1731-4F56-A61C-BA73D632E95C}.AppStore|ARM.Build.0 = AppStore|iPhone
		{6149B62E-1731-4F56-A61C-BA73D632E95C}.AppStore|iPhone.ActiveCfg = AppStore|iPhone
		{6149B62E-1731-4F56-A61C-BA73D632E95C}.AppStore|iPhone.Build.0 = AppStore|iPhone
		{6149B62E-1731-4F56-A61C-BA73D632E95C}.AppStore|iPhoneSimulator.ActiveCfg = Ad-Hoc|iPhone
		{6149B62E-1731-4F56-A61C-BA73D632E95C}.AppStore|iPhoneSimulator.Build.0 = Ad-Hoc|iPhone
		{6149B62E-1731-4F56-A61C-BA73D632E95C}.AppStore|Mixed Platforms.ActiveCfg = AppStore|iPhone
		{6149B62E-1731-4F56-A61C-BA73D632E95C}.AppStore|Mixed Platforms.Build.0 = AppStore|iPhone
		{6149B62E-1731-4F56-A61C-BA73D632E95C}.AppStore|x64.ActiveCfg = Ad-Hoc|iPhone
		{6149B62E-1731-4F56-A61C-BA73D632E95C}.AppStore|x64.Build.0 = Ad-Hoc|iPhone
		{6149B62E-1731-4F56-A61C-BA73D632E95C}.AppStore|x86.ActiveCfg = AppStore|iPhone
		{6149B62E-1731-4F56-A61C-BA73D632E95C}.AppStore|x86.Build.0 = AppStore|iPhone
		{6149B62E-1731-4F56-A61C-BA73D632E95C}.Debug|Any CPU.ActiveCfg = Debug|iPhone
		{6149B62E-1731-4F56-A61C-BA73D632E95C}.Debug|Any CPU.Build.0 = Debug|iPhone
		{6149B62E-1731-4F56-A61C-BA73D632E95C}.Debug|ARM.ActiveCfg = Debug|iPhone
		{6149B62E-1731-4F56-A61C-BA73D632E95C}.Debug|ARM.Build.0 = Debug|iPhone
		{6149B62E-1731-4F56-A61C-BA73D632E95C}.Debug|iPhone.ActiveCfg = Debug|iPhone
		{6149B62E-1731-4F56-A61C-BA73D632E95C}.Debug|iPhone.Build.0 = Debug|iPhone
		{6149B62E-1731-4F56-A61C-BA73D632E95C}.Debug|iPhoneSimulator.ActiveCfg = Debug|iPhoneSimulator
		{6149B62E-1731-4F56-A61C-BA73D632E95C}.Debug|iPhoneSimulator.Build.0 = Debug|iPhoneSimulator
		{6149B62E-1731-4F56-A61C-BA73D632E95C}.Debug|Mixed Platforms.ActiveCfg = Debug|iPhone
		{6149B62E-1731-4F56-A61C-BA73D632E95C}.Debug|Mixed Platforms.Build.0 = Debug|iPhone
		{6149B62E-1731-4F56-A61C-BA73D632E95C}.Debug|x64.ActiveCfg = Debug|iPhoneSimulator
		{6149B62E-1731-4F56-A61C-BA73D632E95C}.Debug|x64.Build.0 = Debug|iPhoneSimulator
		{6149B62E-1731-4F56-A61C-BA73D632E95C}.Debug|x86.ActiveCfg = Debug|iPhone
		{6149B62E-1731-4F56-A61C-BA73D632E95C}.Debug|x86.Build.0 = Debug|iPhone
		{6149B62E-1731-4F56-A61C-BA73D632E95C}.Release|Any CPU.ActiveCfg = Release|iPhone
		{6149B62E-1731-4F56-A61C-BA73D632E95C}.Release|Any CPU.Build.0 = Release|iPhone
		{6149B62E-1731-4F56-A61C-BA73D632E95C}.Release|ARM.ActiveCfg = Release|iPhone
		{6149B62E-1731-4F56-A61C-BA73D632E95C}.Release|ARM.Build.0 = Release|iPhone
		{6149B62E-1731-4F56-A61C-BA73D632E95C}.Release|iPhone.ActiveCfg = Release|iPhone
		{6149B62E-1731-4F56-A61C-BA73D632E95C}.Release|iPhone.Build.0 = Release|iPhone
		{6149B62E-1731-4F56-A61C-BA73D632E95C}.Release|iPhoneSimulator.ActiveCfg = Release|iPhoneSimulator
		{6149B62E-1731-4F56-A61C-BA73D632E95C}.Release|iPhoneSimulator.Build.0 = Release|iPhoneSimulator
		{6149B62E-1731-4F56-A61C-BA73D632E95C}.Release|Mixed Platforms.ActiveCfg = Release|iPhone
		{6149B62E-1731-4F56-A61C-BA73D632E95C}.Release|Mixed Platforms.Build.0 = Release|iPhone
		{6149B62E-1731-4F56-A61C-BA73D632E95C}.Release|x64.ActiveCfg = Release|iPhoneSimulator
		{6149B62E-1731-4F56-A61C-BA73D632E95C}.Release|x64.Build.0 = Release|iPhoneSimulator
		{6149B62E-1731-4F56-A61C-BA73D632E95C}.Release|x86.ActiveCfg = Release|iPhone
		{6149B62E-1731-4F56-A61C-BA73D632E95C}.Release|x86.Build.0 = Release|iPhone
		{6AD2BB1C-BB7E-4078-8BD2-B2AB2CD22A59}.Ad-Hoc|Any CPU.ActiveCfg = Release|Any CPU
		{6AD2BB1C-BB7E-4078-8BD2-B2AB2CD22A59}.Ad-Hoc|Any CPU.Build.0 = Release|Any CPU
		{6AD2BB1C-BB7E-4078-8BD2-B2AB2CD22A59}.Ad-Hoc|ARM.ActiveCfg = Release|Any CPU
		{6AD2BB1C-BB7E-4078-8BD2-B2AB2CD22A59}.Ad-Hoc|iPhone.ActiveCfg = Release|Any CPU
		{6AD2BB1C-BB7E-4078-8BD2-B2AB2CD22A59}.Ad-Hoc|iPhoneSimulator.ActiveCfg = Release|Any CPU
		{6AD2BB1C-BB7E-4078-8BD2-B2AB2CD22A59}.Ad-Hoc|Mixed Platforms.ActiveCfg = Release|Any CPU
		{6AD2BB1C-BB7E-4078-8BD2-B2AB2CD22A59}.Ad-Hoc|Mixed Platforms.Build.0 = Release|Any CPU
		{6AD2BB1C-BB7E-4078-8BD2-B2AB2CD22A59}.Ad-Hoc|x64.ActiveCfg = Debug|Any CPU
		{6AD2BB1C-BB7E-4078-8BD2-B2AB2CD22A59}.Ad-Hoc|x86.ActiveCfg = Release|Any CPU
		{6AD2BB1C-BB7E-4078-8BD2-B2AB2CD22A59}.AppStore|Any CPU.ActiveCfg = Release|Any CPU
		{6AD2BB1C-BB7E-4078-8BD2-B2AB2CD22A59}.AppStore|Any CPU.Build.0 = Release|Any CPU
		{6AD2BB1C-BB7E-4078-8BD2-B2AB2CD22A59}.AppStore|ARM.ActiveCfg = Release|Any CPU
		{6AD2BB1C-BB7E-4078-8BD2-B2AB2CD22A59}.AppStore|iPhone.ActiveCfg = Release|Any CPU
		{6AD2BB1C-BB7E-4078-8BD2-B2AB2CD22A59}.AppStore|iPhoneSimulator.ActiveCfg = Release|Any CPU
		{6AD2BB1C-BB7E-4078-8BD2-B2AB2CD22A59}.AppStore|Mixed Platforms.ActiveCfg = Release|Any CPU
		{6AD2BB1C-BB7E-4078-8BD2-B2AB2CD22A59}.AppStore|Mixed Platforms.Build.0 = Release|Any CPU
		{6AD2BB1C-BB7E-4078-8BD2-B2AB2CD22A59}.AppStore|x64.ActiveCfg = Debug|Any CPU
		{6AD2BB1C-BB7E-4078-8BD2-B2AB2CD22A59}.AppStore|x86.ActiveCfg = Release|Any CPU
		{6AD2BB1C-BB7E-4078-8BD2-B2AB2CD22A59}.Debug|Any CPU.ActiveCfg = Debug|Any CPU
		{6AD2BB1C-BB7E-4078-8BD2-B2AB2CD22A59}.Debug|Any CPU.Build.0 = Debug|Any CPU
		{6AD2BB1C-BB7E-4078-8BD2-B2AB2CD22A59}.Debug|ARM.ActiveCfg = Debug|Any CPU
		{6AD2BB1C-BB7E-4078-8BD2-B2AB2CD22A59}.Debug|iPhone.ActiveCfg = Debug|Any CPU
		{6AD2BB1C-BB7E-4078-8BD2-B2AB2CD22A59}.Debug|iPhoneSimulator.ActiveCfg = Debug|Any CPU
		{6AD2BB1C-BB7E-4078-8BD2-B2AB2CD22A59}.Debug|Mixed Platforms.ActiveCfg = Debug|Any CPU
		{6AD2BB1C-BB7E-4078-8BD2-B2AB2CD22A59}.Debug|Mixed Platforms.Build.0 = Debug|Any CPU
		{6AD2BB1C-BB7E-4078-8BD2-B2AB2CD22A59}.Debug|x64.ActiveCfg = Debug|Any CPU
		{6AD2BB1C-BB7E-4078-8BD2-B2AB2CD22A59}.Debug|x86.ActiveCfg = Debug|Any CPU
		{6AD2BB1C-BB7E-4078-8BD2-B2AB2CD22A59}.Release|Any CPU.ActiveCfg = Release|Any CPU
		{6AD2BB1C-BB7E-4078-8BD2-B2AB2CD22A59}.Release|Any CPU.Build.0 = Release|Any CPU
		{6AD2BB1C-BB7E-4078-8BD2-B2AB2CD22A59}.Release|ARM.ActiveCfg = Release|Any CPU
		{6AD2BB1C-BB7E-4078-8BD2-B2AB2CD22A59}.Release|iPhone.ActiveCfg = Release|Any CPU
		{6AD2BB1C-BB7E-4078-8BD2-B2AB2CD22A59}.Release|iPhoneSimulator.ActiveCfg = Release|Any CPU
		{6AD2BB1C-BB7E-4078-8BD2-B2AB2CD22A59}.Release|Mixed Platforms.ActiveCfg = Release|Any CPU
		{6AD2BB1C-BB7E-4078-8BD2-B2AB2CD22A59}.Release|Mixed Platforms.Build.0 = Release|Any CPU
		{6AD2BB1C-BB7E-4078-8BD2-B2AB2CD22A59}.Release|x64.ActiveCfg = Release|Any CPU
		{6AD2BB1C-BB7E-4078-8BD2-B2AB2CD22A59}.Release|x86.ActiveCfg = Release|Any CPU
		{9EA2A565-C003-4674-AE85-BA292C53DC5B}.Ad-Hoc|Any CPU.ActiveCfg = Release|Any CPU
		{9EA2A565-C003-4674-AE85-BA292C53DC5B}.Ad-Hoc|Any CPU.Build.0 = Release|Any CPU
		{9EA2A565-C003-4674-AE85-BA292C53DC5B}.Ad-Hoc|Any CPU.Deploy.0 = Release|Any CPU
		{9EA2A565-C003-4674-AE85-BA292C53DC5B}.Ad-Hoc|ARM.ActiveCfg = Release|ARM
		{9EA2A565-C003-4674-AE85-BA292C53DC5B}.Ad-Hoc|ARM.Build.0 = Release|ARM
		{9EA2A565-C003-4674-AE85-BA292C53DC5B}.Ad-Hoc|ARM.Deploy.0 = Release|ARM
		{9EA2A565-C003-4674-AE85-BA292C53DC5B}.Ad-Hoc|iPhone.ActiveCfg = Release|Any CPU
		{9EA2A565-C003-4674-AE85-BA292C53DC5B}.Ad-Hoc|iPhoneSimulator.ActiveCfg = Release|Any CPU
		{9EA2A565-C003-4674-AE85-BA292C53DC5B}.Ad-Hoc|Mixed Platforms.ActiveCfg = Release|x86
		{9EA2A565-C003-4674-AE85-BA292C53DC5B}.Ad-Hoc|Mixed Platforms.Build.0 = Release|x86
		{9EA2A565-C003-4674-AE85-BA292C53DC5B}.Ad-Hoc|Mixed Platforms.Deploy.0 = Release|x86
		{9EA2A565-C003-4674-AE85-BA292C53DC5B}.Ad-Hoc|x64.ActiveCfg = Debug|Any CPU
		{9EA2A565-C003-4674-AE85-BA292C53DC5B}.Ad-Hoc|x86.ActiveCfg = Release|x86
		{9EA2A565-C003-4674-AE85-BA292C53DC5B}.Ad-Hoc|x86.Build.0 = Release|x86
		{9EA2A565-C003-4674-AE85-BA292C53DC5B}.Ad-Hoc|x86.Deploy.0 = Release|x86
		{9EA2A565-C003-4674-AE85-BA292C53DC5B}.AppStore|Any CPU.ActiveCfg = Release|Any CPU
		{9EA2A565-C003-4674-AE85-BA292C53DC5B}.AppStore|Any CPU.Build.0 = Release|Any CPU
		{9EA2A565-C003-4674-AE85-BA292C53DC5B}.AppStore|Any CPU.Deploy.0 = Release|Any CPU
		{9EA2A565-C003-4674-AE85-BA292C53DC5B}.AppStore|ARM.ActiveCfg = Release|ARM
		{9EA2A565-C003-4674-AE85-BA292C53DC5B}.AppStore|ARM.Build.0 = Release|ARM
		{9EA2A565-C003-4674-AE85-BA292C53DC5B}.AppStore|ARM.Deploy.0 = Release|ARM
		{9EA2A565-C003-4674-AE85-BA292C53DC5B}.AppStore|iPhone.ActiveCfg = Release|Any CPU
		{9EA2A565-C003-4674-AE85-BA292C53DC5B}.AppStore|iPhoneSimulator.ActiveCfg = Release|Any CPU
		{9EA2A565-C003-4674-AE85-BA292C53DC5B}.AppStore|Mixed Platforms.ActiveCfg = Release|x86
		{9EA2A565-C003-4674-AE85-BA292C53DC5B}.AppStore|Mixed Platforms.Build.0 = Release|x86
		{9EA2A565-C003-4674-AE85-BA292C53DC5B}.AppStore|Mixed Platforms.Deploy.0 = Release|x86
		{9EA2A565-C003-4674-AE85-BA292C53DC5B}.AppStore|x64.ActiveCfg = Debug|Any CPU
		{9EA2A565-C003-4674-AE85-BA292C53DC5B}.AppStore|x86.ActiveCfg = Release|x86
		{9EA2A565-C003-4674-AE85-BA292C53DC5B}.AppStore|x86.Build.0 = Release|x86
		{9EA2A565-C003-4674-AE85-BA292C53DC5B}.AppStore|x86.Deploy.0 = Release|x86
		{9EA2A565-C003-4674-AE85-BA292C53DC5B}.Debug|Any CPU.ActiveCfg = Debug|Any CPU
		{9EA2A565-C003-4674-AE85-BA292C53DC5B}.Debug|Any CPU.Build.0 = Debug|Any CPU
		{9EA2A565-C003-4674-AE85-BA292C53DC5B}.Debug|Any CPU.Deploy.0 = Debug|Any CPU
		{9EA2A565-C003-4674-AE85-BA292C53DC5B}.Debug|ARM.ActiveCfg = Debug|ARM
		{9EA2A565-C003-4674-AE85-BA292C53DC5B}.Debug|ARM.Build.0 = Debug|ARM
		{9EA2A565-C003-4674-AE85-BA292C53DC5B}.Debug|ARM.Deploy.0 = Debug|ARM
		{9EA2A565-C003-4674-AE85-BA292C53DC5B}.Debug|iPhone.ActiveCfg = Debug|Any CPU
		{9EA2A565-C003-4674-AE85-BA292C53DC5B}.Debug|iPhoneSimulator.ActiveCfg = Debug|Any CPU
		{9EA2A565-C003-4674-AE85-BA292C53DC5B}.Debug|Mixed Platforms.ActiveCfg = Debug|x86
		{9EA2A565-C003-4674-AE85-BA292C53DC5B}.Debug|Mixed Platforms.Build.0 = Debug|x86
		{9EA2A565-C003-4674-AE85-BA292C53DC5B}.Debug|Mixed Platforms.Deploy.0 = Debug|x86
		{9EA2A565-C003-4674-AE85-BA292C53DC5B}.Debug|x64.ActiveCfg = Debug|Any CPU
		{9EA2A565-C003-4674-AE85-BA292C53DC5B}.Debug|x86.ActiveCfg = Debug|x86
		{9EA2A565-C003-4674-AE85-BA292C53DC5B}.Debug|x86.Build.0 = Debug|x86
		{9EA2A565-C003-4674-AE85-BA292C53DC5B}.Debug|x86.Deploy.0 = Debug|x86
		{9EA2A565-C003-4674-AE85-BA292C53DC5B}.Release|Any CPU.ActiveCfg = Release|Any CPU
		{9EA2A565-C003-4674-AE85-BA292C53DC5B}.Release|Any CPU.Build.0 = Release|Any CPU
		{9EA2A565-C003-4674-AE85-BA292C53DC5B}.Release|Any CPU.Deploy.0 = Release|Any CPU
		{9EA2A565-C003-4674-AE85-BA292C53DC5B}.Release|ARM.ActiveCfg = Release|ARM
		{9EA2A565-C003-4674-AE85-BA292C53DC5B}.Release|ARM.Build.0 = Release|ARM
		{9EA2A565-C003-4674-AE85-BA292C53DC5B}.Release|ARM.Deploy.0 = Release|ARM
		{9EA2A565-C003-4674-AE85-BA292C53DC5B}.Release|iPhone.ActiveCfg = Release|Any CPU
		{9EA2A565-C003-4674-AE85-BA292C53DC5B}.Release|iPhoneSimulator.ActiveCfg = Release|Any CPU
		{9EA2A565-C003-4674-AE85-BA292C53DC5B}.Release|Mixed Platforms.ActiveCfg = Release|x86
		{9EA2A565-C003-4674-AE85-BA292C53DC5B}.Release|Mixed Platforms.Build.0 = Release|x86
		{9EA2A565-C003-4674-AE85-BA292C53DC5B}.Release|Mixed Platforms.Deploy.0 = Release|x86
		{9EA2A565-C003-4674-AE85-BA292C53DC5B}.Release|x64.ActiveCfg = Release|Any CPU
		{9EA2A565-C003-4674-AE85-BA292C53DC5B}.Release|x86.ActiveCfg = Release|x86
		{9EA2A565-C003-4674-AE85-BA292C53DC5B}.Release|x86.Build.0 = Release|x86
		{9EA2A565-C003-4674-AE85-BA292C53DC5B}.Release|x86.Deploy.0 = Release|x86
		{A7A490A3-A380-4A86-B3DA-8918598EBA54}.Ad-Hoc|Any CPU.ActiveCfg = Ad-Hoc|iPhone
		{A7A490A3-A380-4A86-B3DA-8918598EBA54}.Ad-Hoc|ARM.ActiveCfg = Ad-Hoc|iPhone
		{A7A490A3-A380-4A86-B3DA-8918598EBA54}.Ad-Hoc|iPhone.ActiveCfg = Ad-Hoc|iPhone
		{A7A490A3-A380-4A86-B3DA-8918598EBA54}.Ad-Hoc|iPhone.Build.0 = Ad-Hoc|iPhone
		{A7A490A3-A380-4A86-B3DA-8918598EBA54}.Ad-Hoc|iPhoneSimulator.ActiveCfg = Ad-Hoc|iPhoneSimulator
		{A7A490A3-A380-4A86-B3DA-8918598EBA54}.Ad-Hoc|iPhoneSimulator.Build.0 = Ad-Hoc|iPhoneSimulator
		{A7A490A3-A380-4A86-B3DA-8918598EBA54}.Ad-Hoc|Mixed Platforms.ActiveCfg = Ad-Hoc|iPhone
		{A7A490A3-A380-4A86-B3DA-8918598EBA54}.Ad-Hoc|Mixed Platforms.Build.0 = Ad-Hoc|iPhone
		{A7A490A3-A380-4A86-B3DA-8918598EBA54}.Ad-Hoc|x64.ActiveCfg = Ad-Hoc|iPhoneSimulator
		{A7A490A3-A380-4A86-B3DA-8918598EBA54}.Ad-Hoc|x86.ActiveCfg = Ad-Hoc|iPhone
		{A7A490A3-A380-4A86-B3DA-8918598EBA54}.AppStore|Any CPU.ActiveCfg = AppStore|iPhone
		{A7A490A3-A380-4A86-B3DA-8918598EBA54}.AppStore|ARM.ActiveCfg = AppStore|iPhone
		{A7A490A3-A380-4A86-B3DA-8918598EBA54}.AppStore|iPhone.ActiveCfg = AppStore|iPhone
		{A7A490A3-A380-4A86-B3DA-8918598EBA54}.AppStore|iPhone.Build.0 = AppStore|iPhone
		{A7A490A3-A380-4A86-B3DA-8918598EBA54}.AppStore|iPhoneSimulator.ActiveCfg = AppStore|iPhoneSimulator
		{A7A490A3-A380-4A86-B3DA-8918598EBA54}.AppStore|iPhoneSimulator.Build.0 = AppStore|iPhoneSimulator
		{A7A490A3-A380-4A86-B3DA-8918598EBA54}.AppStore|Mixed Platforms.ActiveCfg = AppStore|iPhone
		{A7A490A3-A380-4A86-B3DA-8918598EBA54}.AppStore|Mixed Platforms.Build.0 = AppStore|iPhone
		{A7A490A3-A380-4A86-B3DA-8918598EBA54}.AppStore|x64.ActiveCfg = AppStore|iPhoneSimulator
		{A7A490A3-A380-4A86-B3DA-8918598EBA54}.AppStore|x86.ActiveCfg = AppStore|iPhone
		{A7A490A3-A380-4A86-B3DA-8918598EBA54}.Debug|Any CPU.ActiveCfg = Debug|iPhone
		{A7A490A3-A380-4A86-B3DA-8918598EBA54}.Debug|ARM.ActiveCfg = Debug|iPhone
		{A7A490A3-A380-4A86-B3DA-8918598EBA54}.Debug|iPhone.ActiveCfg = Debug|iPhone
		{A7A490A3-A380-4A86-B3DA-8918598EBA54}.Debug|iPhone.Build.0 = Debug|iPhone
		{A7A490A3-A380-4A86-B3DA-8918598EBA54}.Debug|iPhoneSimulator.ActiveCfg = Debug|iPhoneSimulator
		{A7A490A3-A380-4A86-B3DA-8918598EBA54}.Debug|iPhoneSimulator.Build.0 = Debug|iPhoneSimulator
		{A7A490A3-A380-4A86-B3DA-8918598EBA54}.Debug|Mixed Platforms.ActiveCfg = Debug|iPhone
		{A7A490A3-A380-4A86-B3DA-8918598EBA54}.Debug|Mixed Platforms.Build.0 = Debug|iPhone
		{A7A490A3-A380-4A86-B3DA-8918598EBA54}.Debug|x64.ActiveCfg = Debug|iPhoneSimulator
		{A7A490A3-A380-4A86-B3DA-8918598EBA54}.Debug|x86.ActiveCfg = Debug|iPhone
		{A7A490A3-A380-4A86-B3DA-8918598EBA54}.Release|Any CPU.ActiveCfg = Release|iPhone
		{A7A490A3-A380-4A86-B3DA-8918598EBA54}.Release|ARM.ActiveCfg = Release|iPhone
		{A7A490A3-A380-4A86-B3DA-8918598EBA54}.Release|iPhone.ActiveCfg = Release|iPhone
		{A7A490A3-A380-4A86-B3DA-8918598EBA54}.Release|iPhone.Build.0 = Release|iPhone
		{A7A490A3-A380-4A86-B3DA-8918598EBA54}.Release|iPhoneSimulator.ActiveCfg = Release|iPhoneSimulator
		{A7A490A3-A380-4A86-B3DA-8918598EBA54}.Release|iPhoneSimulator.Build.0 = Release|iPhoneSimulator
		{A7A490A3-A380-4A86-B3DA-8918598EBA54}.Release|Mixed Platforms.ActiveCfg = Release|iPhone
		{A7A490A3-A380-4A86-B3DA-8918598EBA54}.Release|Mixed Platforms.Build.0 = Release|iPhone
		{A7A490A3-A380-4A86-B3DA-8918598EBA54}.Release|x64.ActiveCfg = Release|iPhoneSimulator
		{A7A490A3-A380-4A86-B3DA-8918598EBA54}.Release|x86.ActiveCfg = Release|iPhone
		{D52C597E-686E-4196-A8CF-025AEEDDD969}.Ad-Hoc|Any CPU.ActiveCfg = Release|Any CPU
		{D52C597E-686E-4196-A8CF-025AEEDDD969}.Ad-Hoc|Any CPU.Build.0 = Release|Any CPU
		{D52C597E-686E-4196-A8CF-025AEEDDD969}.Ad-Hoc|Any CPU.Deploy.0 = Release|Any CPU
		{D52C597E-686E-4196-A8CF-025AEEDDD969}.Ad-Hoc|ARM.ActiveCfg = Release|ARM
		{D52C597E-686E-4196-A8CF-025AEEDDD969}.Ad-Hoc|ARM.Build.0 = Release|ARM
		{D52C597E-686E-4196-A8CF-025AEEDDD969}.Ad-Hoc|ARM.Deploy.0 = Release|ARM
		{D52C597E-686E-4196-A8CF-025AEEDDD969}.Ad-Hoc|iPhone.ActiveCfg = Release|Any CPU
		{D52C597E-686E-4196-A8CF-025AEEDDD969}.Ad-Hoc|iPhoneSimulator.ActiveCfg = Release|Any CPU
		{D52C597E-686E-4196-A8CF-025AEEDDD969}.Ad-Hoc|Mixed Platforms.ActiveCfg = Release|x86
		{D52C597E-686E-4196-A8CF-025AEEDDD969}.Ad-Hoc|Mixed Platforms.Build.0 = Release|x86
		{D52C597E-686E-4196-A8CF-025AEEDDD969}.Ad-Hoc|Mixed Platforms.Deploy.0 = Release|x86
		{D52C597E-686E-4196-A8CF-025AEEDDD969}.Ad-Hoc|x64.ActiveCfg = Release|x64
		{D52C597E-686E-4196-A8CF-025AEEDDD969}.Ad-Hoc|x64.Build.0 = Release|x64
		{D52C597E-686E-4196-A8CF-025AEEDDD969}.Ad-Hoc|x64.Deploy.0 = Release|x64
		{D52C597E-686E-4196-A8CF-025AEEDDD969}.Ad-Hoc|x86.ActiveCfg = Release|x86
		{D52C597E-686E-4196-A8CF-025AEEDDD969}.Ad-Hoc|x86.Build.0 = Release|x86
		{D52C597E-686E-4196-A8CF-025AEEDDD969}.Ad-Hoc|x86.Deploy.0 = Release|x86
		{D52C597E-686E-4196-A8CF-025AEEDDD969}.AppStore|Any CPU.ActiveCfg = Release|Any CPU
		{D52C597E-686E-4196-A8CF-025AEEDDD969}.AppStore|Any CPU.Build.0 = Release|Any CPU
		{D52C597E-686E-4196-A8CF-025AEEDDD969}.AppStore|Any CPU.Deploy.0 = Release|Any CPU
		{D52C597E-686E-4196-A8CF-025AEEDDD969}.AppStore|ARM.ActiveCfg = Release|ARM
		{D52C597E-686E-4196-A8CF-025AEEDDD969}.AppStore|ARM.Build.0 = Release|ARM
		{D52C597E-686E-4196-A8CF-025AEEDDD969}.AppStore|ARM.Deploy.0 = Release|ARM
		{D52C597E-686E-4196-A8CF-025AEEDDD969}.AppStore|iPhone.ActiveCfg = Release|Any CPU
		{D52C597E-686E-4196-A8CF-025AEEDDD969}.AppStore|iPhoneSimulator.ActiveCfg = Release|Any CPU
		{D52C597E-686E-4196-A8CF-025AEEDDD969}.AppStore|Mixed Platforms.ActiveCfg = Release|x86
		{D52C597E-686E-4196-A8CF-025AEEDDD969}.AppStore|Mixed Platforms.Build.0 = Release|x86
		{D52C597E-686E-4196-A8CF-025AEEDDD969}.AppStore|Mixed Platforms.Deploy.0 = Release|x86
		{D52C597E-686E-4196-A8CF-025AEEDDD969}.AppStore|x64.ActiveCfg = Release|x64
		{D52C597E-686E-4196-A8CF-025AEEDDD969}.AppStore|x64.Build.0 = Release|x64
		{D52C597E-686E-4196-A8CF-025AEEDDD969}.AppStore|x64.Deploy.0 = Release|x64
		{D52C597E-686E-4196-A8CF-025AEEDDD969}.AppStore|x86.ActiveCfg = Release|x86
		{D52C597E-686E-4196-A8CF-025AEEDDD969}.AppStore|x86.Build.0 = Release|x86
		{D52C597E-686E-4196-A8CF-025AEEDDD969}.AppStore|x86.Deploy.0 = Release|x86
		{D52C597E-686E-4196-A8CF-025AEEDDD969}.Debug|Any CPU.ActiveCfg = Debug|Any CPU
		{D52C597E-686E-4196-A8CF-025AEEDDD969}.Debug|Any CPU.Build.0 = Debug|Any CPU
		{D52C597E-686E-4196-A8CF-025AEEDDD969}.Debug|Any CPU.Deploy.0 = Debug|Any CPU
		{D52C597E-686E-4196-A8CF-025AEEDDD969}.Debug|ARM.ActiveCfg = Debug|ARM
		{D52C597E-686E-4196-A8CF-025AEEDDD969}.Debug|ARM.Build.0 = Debug|ARM
		{D52C597E-686E-4196-A8CF-025AEEDDD969}.Debug|ARM.Deploy.0 = Debug|ARM
		{D52C597E-686E-4196-A8CF-025AEEDDD969}.Debug|iPhone.ActiveCfg = Debug|Any CPU
		{D52C597E-686E-4196-A8CF-025AEEDDD969}.Debug|iPhoneSimulator.ActiveCfg = Debug|Any CPU
		{D52C597E-686E-4196-A8CF-025AEEDDD969}.Debug|Mixed Platforms.ActiveCfg = Debug|x86
		{D52C597E-686E-4196-A8CF-025AEEDDD969}.Debug|Mixed Platforms.Build.0 = Debug|x86
		{D52C597E-686E-4196-A8CF-025AEEDDD969}.Debug|Mixed Platforms.Deploy.0 = Debug|x86
		{D52C597E-686E-4196-A8CF-025AEEDDD969}.Debug|x64.ActiveCfg = Debug|x64
		{D52C597E-686E-4196-A8CF-025AEEDDD969}.Debug|x64.Build.0 = Debug|x64
		{D52C597E-686E-4196-A8CF-025AEEDDD969}.Debug|x64.Deploy.0 = Debug|x64
		{D52C597E-686E-4196-A8CF-025AEEDDD969}.Debug|x86.ActiveCfg = Debug|x86
		{D52C597E-686E-4196-A8CF-025AEEDDD969}.Debug|x86.Build.0 = Debug|x86
		{D52C597E-686E-4196-A8CF-025AEEDDD969}.Debug|x86.Deploy.0 = Debug|x86
		{D52C597E-686E-4196-A8CF-025AEEDDD969}.Release|Any CPU.ActiveCfg = Release|Any CPU
		{D52C597E-686E-4196-A8CF-025AEEDDD969}.Release|Any CPU.Build.0 = Release|Any CPU
		{D52C597E-686E-4196-A8CF-025AEEDDD969}.Release|Any CPU.Deploy.0 = Release|Any CPU
		{D52C597E-686E-4196-A8CF-025AEEDDD969}.Release|ARM.ActiveCfg = Release|ARM
		{D52C597E-686E-4196-A8CF-025AEEDDD969}.Release|ARM.Build.0 = Release|ARM
		{D52C597E-686E-4196-A8CF-025AEEDDD969}.Release|ARM.Deploy.0 = Release|ARM
		{D52C597E-686E-4196-A8CF-025AEEDDD969}.Release|iPhone.ActiveCfg = Release|Any CPU
		{D52C597E-686E-4196-A8CF-025AEEDDD969}.Release|iPhoneSimulator.ActiveCfg = Release|Any CPU
		{D52C597E-686E-4196-A8CF-025AEEDDD969}.Release|Mixed Platforms.ActiveCfg = Release|x86
		{D52C597E-686E-4196-A8CF-025AEEDDD969}.Release|Mixed Platforms.Build.0 = Release|x86
		{D52C597E-686E-4196-A8CF-025AEEDDD969}.Release|Mixed Platforms.Deploy.0 = Release|x86
		{D52C597E-686E-4196-A8CF-025AEEDDD969}.Release|x64.ActiveCfg = Release|x64
		{D52C597E-686E-4196-A8CF-025AEEDDD969}.Release|x64.Build.0 = Release|x64
		{D52C597E-686E-4196-A8CF-025AEEDDD969}.Release|x64.Deploy.0 = Release|x64
		{D52C597E-686E-4196-A8CF-025AEEDDD969}.Release|x86.ActiveCfg = Release|x86
		{D52C597E-686E-4196-A8CF-025AEEDDD969}.Release|x86.Build.0 = Release|x86
		{D52C597E-686E-4196-A8CF-025AEEDDD969}.Release|x86.Deploy.0 = Release|x86
	EndGlobalSection
	GlobalSection(MonoDevelopProperties) = preSolution
		version = 0.2
	EndGlobalSection
	GlobalSection(SolutionProperties) = preSolution
		HideSolutionNode = FALSE
	EndGlobalSection
EndGlobal
